
Microsoft Visual Studio Solution File, Format Version 12.00
# Visual Studio Version 17
VisualStudioVersion = 17.14.36511.14 d17.14
MinimumVisualStudioVersion = 10.0.40219.1
Project("{FAE04EC0-301F-11D3-BF4B-00C04F79EFBC}") = "OrderMicroservice.API", "OrderMicroservice.API\OrderMicroservice.API.csproj", "{D57AD5B2-5294-4A83-9AA7-8E35E377CE1B}"
EndProject
Project("{FAE04EC0-301F-11D3-BF4B-00C04F79EFBC}") = "BusinessLogicLayer", "BusinessLogicLayer\BusinessLogicLayer.csproj", "{A282FED4-B056-4DD8-B65F-479CADE6359A}"
EndProject
Project("{FAE04EC0-301F-11D3-BF4B-00C04F79EFBC}") = "DataAccessLayer", "DataAccessLayer\DataAccessLayer.csproj", "{8475D2E2-D94A-4BFD-96E2-6ADEECA24BFD}"
EndProject
Global
	GlobalSection(SolutionConfigurationPlatforms) = preSolution
		Debug|Any CPU = Debug|Any CPU
		Release|Any CPU = Release|Any CPU
	EndGlobalSection
	GlobalSection(ProjectConfigurationPlatforms) = postSolution
		{D57AD5B2-5294-4A83-9AA7-8E35E377CE1B}.Debug|Any CPU.ActiveCfg = Debug|Any CPU
		{D57AD5B2-5294-4A83-9AA7-8E35E377CE1B}.Debug|Any CPU.Build.0 = Debug|Any CPU
		{D57AD5B2-5294-4A83-9AA7-8E35E377CE1B}.Release|Any CPU.ActiveCfg = Release|Any CPU
		{D57AD5B2-5294-4A83-9AA7-8E35E377CE1B}.Release|Any CPU.Build.0 = Release|Any CPU
		{A282FED4-B056-4DD8-B65F-479CADE6359A}.Debug|Any CPU.ActiveCfg = Debug|Any CPU
		{A282FED4-B056-4DD8-B65F-479CADE6359A}.Debug|Any CPU.Build.0 = Debug|Any CPU
		{A282FED4-B056-4DD8-B65F-479CADE6359A}.Release|Any CPU.ActiveCfg = Release|Any CPU
		{A282FED4-B056-4DD8-B65F-479CADE6359A}.Release|Any CPU.Build.0 = Release|Any CPU
		{8475D2E2-D94A-4BFD-96E2-6ADEECA24BFD}.Debug|Any CPU.ActiveCfg = Debug|Any CPU
		{8475D2E2-D94A-4BFD-96E2-6ADEECA24BFD}.Debug|Any CPU.Build.0 = Debug|Any CPU
		{8475D2E2-D94A-4BFD-96E2-6ADEECA24BFD}.Release|Any CPU.ActiveCfg = Release|Any CPU
		{8475D2E2-D94A-4BFD-96E2-6ADEECA24BFD}.Release|Any CPU.Build.0 = Release|Any CPU
	EndGlobalSection
	GlobalSection(SolutionProperties) = preSolution
		HideSolutionNode = FALSE
	EndGlobalSection
	GlobalSection(ExtensibilityGlobals) = postSolution
		SolutionGuid = {CB914D4F-69EC-4A55-8A13-879FA43DEB63}
	EndGlobalSection
EndGlobal
